
Microsoft Visual Studio Solution File, Format Version 12.00
# Visual Studio 15
VisualStudioVersion = 15.0.28010.2046
MinimumVisualStudioVersion = 10.0.40219.1
Project("{F184B08F-C81C-45F6-A57F-5ABD9991F28F}") = "DanielMitaEx1ev", "DanielMitaEx1ev\DanielMitaEx1ev.vbproj", "{C013B4DC-4519-4B04-8504-40BF9FB3B784}"
EndProject
Global
	GlobalSection(SolutionConfigurationPlatforms) = preSolution
		Debug|Any CPU = Debug|Any CPU
		Release|Any CPU = Release|Any CPU
	EndGlobalSection
	GlobalSection(ProjectConfigurationPlatforms) = postSolution
		{C013B4DC-4519-4B04-8504-40BF9FB3B784}.Debug|Any CPU.ActiveCfg = Debug|Any CPU
		{C013B4DC-4519-4B04-8504-40BF9FB3B784}.Debug|Any CPU.Build.0 = Debug|Any CPU
		{C013B4DC-4519-4B04-8504-40BF9FB3B784}.Release|Any CPU.ActiveCfg = Release|Any CPU
		{C013B4DC-4519-4B04-8504-40BF9FB3B784}.Release|Any CPU.Build.0 = Release|Any CPU
	EndGlobalSection
	GlobalSection(SolutionProperties) = preSolution
		HideSolutionNode = FALSE
	EndGlobalSection
	GlobalSection(ExtensibilityGlobals) = postSolution
		SolutionGuid = {E542A936-9FD7-4293-8ED5-08FDF7703B44}
	EndGlobalSection
EndGlobal
