
Microsoft Visual Studio Solution File, Format Version 12.00
# Visual Studio Express 15 for Windows Desktop
VisualStudioVersion = 15.0.28010.2048
MinimumVisualStudioVersion = 10.0.40219.1
Project("{F184B08F-C81C-45F6-A57F-5ABD9991F28F}") = "TablasMultiplicar", "TablasMultiplicar\TablasMultiplicar.vbproj", "{3E304237-CAFF-4E20-A7AC-7FF85CD3F7BA}"
EndProject
Project("{F184B08F-C81C-45F6-A57F-5ABD9991F28F}") = "TablaMultiplicacion", "..\TablaMultiplicacion\TablaMultiplicacion\TablaMultiplicacion.vbproj", "{C3D3C0D0-35C1-4A3E-A959-718387B86EE9}"
EndProject
Global
	GlobalSection(SolutionConfigurationPlatforms) = preSolution
		Debug|Any CPU = Debug|Any CPU
		Release|Any CPU = Release|Any CPU
	EndGlobalSection
	GlobalSection(ProjectConfigurationPlatforms) = postSolution
		{3E304237-CAFF-4E20-A7AC-7FF85CD3F7BA}.Debug|Any CPU.ActiveCfg = Debug|Any CPU
		{3E304237-CAFF-4E20-A7AC-7FF85CD3F7BA}.Debug|Any CPU.Build.0 = Debug|Any CPU
		{3E304237-CAFF-4E20-A7AC-7FF85CD3F7BA}.Release|Any CPU.ActiveCfg = Release|Any CPU
		{3E304237-CAFF-4E20-A7AC-7FF85CD3F7BA}.Release|Any CPU.Build.0 = Release|Any CPU
		{C3D3C0D0-35C1-4A3E-A959-718387B86EE9}.Debug|Any CPU.ActiveCfg = Debug|Any CPU
		{C3D3C0D0-35C1-4A3E-A959-718387B86EE9}.Debug|Any CPU.Build.0 = Debug|Any CPU
		{C3D3C0D0-35C1-4A3E-A959-718387B86EE9}.Release|Any CPU.ActiveCfg = Release|Any CPU
		{C3D3C0D0-35C1-4A3E-A959-718387B86EE9}.Release|Any CPU.Build.0 = Release|Any CPU
	EndGlobalSection
	GlobalSection(SolutionProperties) = preSolution
		HideSolutionNode = FALSE
	EndGlobalSection
	GlobalSection(ExtensibilityGlobals) = postSolution
		SolutionGuid = {650FF374-D734-42BC-8952-051DFBA8035B}
	EndGlobalSection
EndGlobal
