
Microsoft Visual Studio Solution File, Format Version 12.00
# Visual Studio Express 15 for Windows Desktop
VisualStudioVersion = 15.0.28010.2048
MinimumVisualStudioVersion = 10.0.40219.1
Project("{F184B08F-C81C-45F6-A57F-5ABD9991F28F}") = "Ejercicio_3_Calculadora", "..\..\prueba_calculadora\Ejercicio_3_Calculadora\Ejercicio_3_Calculadora.vbproj", "{710DCFC2-2E10-4042-8470-25B5FEC02A73}"
EndProject
Global
	GlobalSection(SolutionConfigurationPlatforms) = preSolution
		Debug|Any CPU = Debug|Any CPU
		Release|Any CPU = Release|Any CPU
	EndGlobalSection
	GlobalSection(ProjectConfigurationPlatforms) = postSolution
		{710DCFC2-2E10-4042-8470-25B5FEC02A73}.Debug|Any CPU.ActiveCfg = Debug|Any CPU
		{710DCFC2-2E10-4042-8470-25B5FEC02A73}.Debug|Any CPU.Build.0 = Debug|Any CPU
		{710DCFC2-2E10-4042-8470-25B5FEC02A73}.Release|Any CPU.ActiveCfg = Release|Any CPU
		{710DCFC2-2E10-4042-8470-25B5FEC02A73}.Release|Any CPU.Build.0 = Release|Any CPU
	EndGlobalSection
	GlobalSection(SolutionProperties) = preSolution
		HideSolutionNode = FALSE
	EndGlobalSection
	GlobalSection(ExtensibilityGlobals) = postSolution
		SolutionGuid = {51829641-40D3-4390-A60F-48C13C6A35BA}
	EndGlobalSection
EndGlobal
