
Microsoft Visual Studio Solution File, Format Version 12.00
# Visual Studio 15
VisualStudioVersion = 15.0.28307.271
MinimumVisualStudioVersion = 10.0.40219.1
Project("{F184B08F-C81C-45F6-A57F-5ABD9991F28F}") = "Ejerc_TRATAMIENTO_CLIENTES", "Ejerc_TRATAMIENTO_CLIENTES\Ejerc_TRATAMIENTO_CLIENTES.vbproj", "{9FFAA770-568C-4935-8D55-5317F356E55E}"
EndProject
Project("{F184B08F-C81C-45F6-A57F-5ABD9991F28F}") = "Ejer_ALUMNOS_NOTAS", "..\Ejer_ALUMNOS_NOTAS\Ejer_ALUMNOS_NOTAS\Ejer_ALUMNOS_NOTAS.vbproj", "{1A474F44-1ECD-48A2-A921-8DCEADB181DA}"
EndProject
Global
	GlobalSection(SolutionConfigurationPlatforms) = preSolution
		Debug|Any CPU = Debug|Any CPU
		Release|Any CPU = Release|Any CPU
	EndGlobalSection
	GlobalSection(ProjectConfigurationPlatforms) = postSolution
		{9FFAA770-568C-4935-8D55-5317F356E55E}.Debug|Any CPU.ActiveCfg = Debug|Any CPU
		{9FFAA770-568C-4935-8D55-5317F356E55E}.Debug|Any CPU.Build.0 = Debug|Any CPU
		{9FFAA770-568C-4935-8D55-5317F356E55E}.Release|Any CPU.ActiveCfg = Release|Any CPU
		{9FFAA770-568C-4935-8D55-5317F356E55E}.Release|Any CPU.Build.0 = Release|Any CPU
		{1A474F44-1ECD-48A2-A921-8DCEADB181DA}.Debug|Any CPU.ActiveCfg = Debug|Any CPU
		{1A474F44-1ECD-48A2-A921-8DCEADB181DA}.Debug|Any CPU.Build.0 = Debug|Any CPU
		{1A474F44-1ECD-48A2-A921-8DCEADB181DA}.Release|Any CPU.ActiveCfg = Release|Any CPU
		{1A474F44-1ECD-48A2-A921-8DCEADB181DA}.Release|Any CPU.Build.0 = Release|Any CPU
	EndGlobalSection
	GlobalSection(SolutionProperties) = preSolution
		HideSolutionNode = FALSE
	EndGlobalSection
	GlobalSection(ExtensibilityGlobals) = postSolution
		SolutionGuid = {21BA2D2C-666C-43C5-A517-A573491DA5E0}
	EndGlobalSection
EndGlobal
