
Microsoft Visual Studio Solution File, Format Version 12.00
# Visual Studio 15
VisualStudioVersion = 15.0.28010.2041
MinimumVisualStudioVersion = 10.0.40219.1
Project("{F184B08F-C81C-45F6-A57F-5ABD9991F28F}") = "JoseLuisEscribanoEx1Ev", "JoseLuisEscribanoEx1Ev\JoseLuisEscribanoEx1Ev.vbproj", "{E48037FC-CA9D-4F36-874D-D8ED2F5C6A5E}"
EndProject
Global
	GlobalSection(SolutionConfigurationPlatforms) = preSolution
		Debug|Any CPU = Debug|Any CPU
		Release|Any CPU = Release|Any CPU
	EndGlobalSection
	GlobalSection(ProjectConfigurationPlatforms) = postSolution
		{E48037FC-CA9D-4F36-874D-D8ED2F5C6A5E}.Debug|Any CPU.ActiveCfg = Debug|Any CPU
		{E48037FC-CA9D-4F36-874D-D8ED2F5C6A5E}.Debug|Any CPU.Build.0 = Debug|Any CPU
		{E48037FC-CA9D-4F36-874D-D8ED2F5C6A5E}.Release|Any CPU.ActiveCfg = Release|Any CPU
		{E48037FC-CA9D-4F36-874D-D8ED2F5C6A5E}.Release|Any CPU.Build.0 = Release|Any CPU
	EndGlobalSection
	GlobalSection(SolutionProperties) = preSolution
		HideSolutionNode = FALSE
	EndGlobalSection
	GlobalSection(ExtensibilityGlobals) = postSolution
		SolutionGuid = {4B686BA5-CCD9-4D9C-B694-64068D291FBB}
	EndGlobalSection
EndGlobal
