
Microsoft Visual Studio Solution File, Format Version 12.00
# Visual Studio Express 15 for Windows Desktop
VisualStudioVersion = 15.0.28010.2048
MinimumVisualStudioVersion = 10.0.40219.1
Project("{F184B08F-C81C-45F6-A57F-5ABD9991F28F}") = "SalarioNeto", "SalarioNeto\SalarioNeto.vbproj", "{0EC92566-C3FA-4F35-9D43-3AC958DEF7D0}"
EndProject
Project("{F184B08F-C81C-45F6-A57F-5ABD9991F28F}") = "Alumnos_1", "..\Ejercicio_2_REPASO_menu_array\escribano_ibanez_jose_luis_Alumnos_2\Alumnos_1\Alumnos_1.vbproj", "{F1411306-38A0-4F91-9B4B-E80B13B0CDFD}"
EndProject
Global
	GlobalSection(SolutionConfigurationPlatforms) = preSolution
		Debug|Any CPU = Debug|Any CPU
		Release|Any CPU = Release|Any CPU
	EndGlobalSection
	GlobalSection(ProjectConfigurationPlatforms) = postSolution
		{0EC92566-C3FA-4F35-9D43-3AC958DEF7D0}.Debug|Any CPU.ActiveCfg = Debug|Any CPU
		{0EC92566-C3FA-4F35-9D43-3AC958DEF7D0}.Debug|Any CPU.Build.0 = Debug|Any CPU
		{0EC92566-C3FA-4F35-9D43-3AC958DEF7D0}.Release|Any CPU.ActiveCfg = Release|Any CPU
		{0EC92566-C3FA-4F35-9D43-3AC958DEF7D0}.Release|Any CPU.Build.0 = Release|Any CPU
		{F1411306-38A0-4F91-9B4B-E80B13B0CDFD}.Debug|Any CPU.ActiveCfg = Debug|Any CPU
		{F1411306-38A0-4F91-9B4B-E80B13B0CDFD}.Debug|Any CPU.Build.0 = Debug|Any CPU
		{F1411306-38A0-4F91-9B4B-E80B13B0CDFD}.Release|Any CPU.ActiveCfg = Release|Any CPU
		{F1411306-38A0-4F91-9B4B-E80B13B0CDFD}.Release|Any CPU.Build.0 = Release|Any CPU
	EndGlobalSection
	GlobalSection(SolutionProperties) = preSolution
		HideSolutionNode = FALSE
	EndGlobalSection
	GlobalSection(ExtensibilityGlobals) = postSolution
		SolutionGuid = {70C7A2E6-342E-4AFE-8DE1-2576520CD3A2}
	EndGlobalSection
EndGlobal
