
Microsoft Visual Studio Solution File, Format Version 12.00
# Visual Studio 15
VisualStudioVersion = 15.0.28307.271
MinimumVisualStudioVersion = 10.0.40219.1
Project("{F184B08F-C81C-45F6-A57F-5ABD9991F28F}") = "Ejerc_10_DVD_REPASO_JUNIO", "Ejerc_10_DVD_REPASO_JUNIO\Ejerc_10_DVD_REPASO_JUNIO.vbproj", "{232B9BBC-DC92-4731-99FE-B2D4335A1049}"
EndProject
Project("{F184B08F-C81C-45F6-A57F-5ABD9991F28F}") = "Ejercicio_10_alquiler_DVD", "..\Ejercicio_10_alquiler_DVD_FINAL\Ejercicio_10_alquiler_DVD\Ejercicio_10_alquiler_DVD.vbproj", "{F186F87A-C146-47E4-AAF2-6DA0C597587F}"
EndProject
Project("{F184B08F-C81C-45F6-A57F-5ABD9991F28F}") = "Examen_2_EV_REPASO_JUNIO", "..\Examen_2_EV_REPASO_JUNIO\Examen_2_EV_REPASO_JUNIO\Examen_2_EV_REPASO_JUNIO.vbproj", "{0724932A-9966-4BE4-BE8A-095FED9BD474}"
EndProject
Global
	GlobalSection(SolutionConfigurationPlatforms) = preSolution
		Debug|Any CPU = Debug|Any CPU
		Release|Any CPU = Release|Any CPU
	EndGlobalSection
	GlobalSection(ProjectConfigurationPlatforms) = postSolution
		{232B9BBC-DC92-4731-99FE-B2D4335A1049}.Debug|Any CPU.ActiveCfg = Debug|Any CPU
		{232B9BBC-DC92-4731-99FE-B2D4335A1049}.Debug|Any CPU.Build.0 = Debug|Any CPU
		{232B9BBC-DC92-4731-99FE-B2D4335A1049}.Release|Any CPU.ActiveCfg = Release|Any CPU
		{232B9BBC-DC92-4731-99FE-B2D4335A1049}.Release|Any CPU.Build.0 = Release|Any CPU
		{F186F87A-C146-47E4-AAF2-6DA0C597587F}.Debug|Any CPU.ActiveCfg = Debug|Any CPU
		{F186F87A-C146-47E4-AAF2-6DA0C597587F}.Debug|Any CPU.Build.0 = Debug|Any CPU
		{F186F87A-C146-47E4-AAF2-6DA0C597587F}.Release|Any CPU.ActiveCfg = Release|Any CPU
		{F186F87A-C146-47E4-AAF2-6DA0C597587F}.Release|Any CPU.Build.0 = Release|Any CPU
		{0724932A-9966-4BE4-BE8A-095FED9BD474}.Debug|Any CPU.ActiveCfg = Debug|Any CPU
		{0724932A-9966-4BE4-BE8A-095FED9BD474}.Debug|Any CPU.Build.0 = Debug|Any CPU
		{0724932A-9966-4BE4-BE8A-095FED9BD474}.Release|Any CPU.ActiveCfg = Release|Any CPU
		{0724932A-9966-4BE4-BE8A-095FED9BD474}.Release|Any CPU.Build.0 = Release|Any CPU
	EndGlobalSection
	GlobalSection(SolutionProperties) = preSolution
		HideSolutionNode = FALSE
	EndGlobalSection
	GlobalSection(ExtensibilityGlobals) = postSolution
		SolutionGuid = {A7BC2EE2-88B6-4DC6-90AF-9E6270BABC13}
	EndGlobalSection
EndGlobal
